# This file was autogenerated by Stack.
# You should not edit this file by hand.
# For more information, please see the documentation at:
#   https://docs.haskellstack.org/en/stable/lock_files

packages:
- completed:
    hackage: cursor-brick-0.1.0.0@sha256:fd138204da91b9d9332ba2a9d3da82c8e174f8481e1fa7ad8dd1cb65c729a252,1265
    pantry-tree:
      size: 806
      sha256: aa654c570a9907aed4e73530f4b0f5981c8f409e6d37c5fba5fe8b049f5cf963
  original:
    hackage: cursor-brick-0.1.0.0
- completed:
    size: 41547
    subdir: cursor
    url: https://github.com/NorfairKing/cursor/archive/f9439d72d714a3eda34aaa8dd83ea4ff2976bce8.tar.gz
    name: cursor
    version: 0.3.0.0
    sha256: fb977153cc3b78f1aab0415dcbc0d6fdac711326b16c7ba7fd290bd822b97128
    pantry-tree:
      size: 1811
      sha256: ae22d0de7e4eee20855930fd8527a2c290fa9b3218b2a566435e14ce9fec5ffa
  original:
    subdir: cursor
    url: https://github.com/NorfairKing/cursor/archive/f9439d72d714a3eda34aaa8dd83ea4ff2976bce8.tar.gz
- completed:
    size: 41547
    subdir: cursor-gen
    url: https://github.com/NorfairKing/cursor/archive/f9439d72d714a3eda34aaa8dd83ea4ff2976bce8.tar.gz
    name: cursor-gen
    version: 0.3.0.0
    sha256: fb977153cc3b78f1aab0415dcbc0d6fdac711326b16c7ba7fd290bd822b97128
    pantry-tree:
      size: 2716
      sha256: f3b8f17c4328fd3a12ea34e09214e0307b5c9817f739ec5356e8a88709e16bd9
  original:
    subdir: cursor-gen
    url: https://github.com/NorfairKing/cursor/archive/f9439d72d714a3eda34aaa8dd83ea4ff2976bce8.tar.gz
- completed:
    size: 99638
    subdir: genvalidity
    url: https://github.com/NorfairKing/validity/archive/3d5bccbaac055164311ca9d90b0ac7ff7f2c412c.tar.gz
    name: genvalidity
    version: 0.11.0.1
    sha256: c7061e29761d5b8e9b7c72fe564c1b00444656d1ffa1147feef6abd53a47e619
    pantry-tree:
      size: 756
      sha256: f9a1ea6efb79203b89b2e4fc7d962c825f94a46bd5423e6c35cbdc71e701b48d
  original:
    subdir: genvalidity
    url: https://github.com/NorfairKing/validity/archive/3d5bccbaac055164311ca9d90b0ac7ff7f2c412c.tar.gz
- completed:
    size: 99638
    subdir: genvalidity-aeson
    url: https://github.com/NorfairKing/validity/archive/3d5bccbaac055164311ca9d90b0ac7ff7f2c412c.tar.gz
    name: genvalidity-aeson
    version: 0.3.0.1
    sha256: c7061e29761d5b8e9b7c72fe564c1b00444656d1ffa1147feef6abd53a47e619
    pantry-tree:
      size: 447
      sha256: 77b0beeef22ce1c2e2fcbab08af00042695ce160cf15f1a2017b454207e16754
  original:
    subdir: genvalidity-aeson
    url: https://github.com/NorfairKing/validity/archive/3d5bccbaac055164311ca9d90b0ac7ff7f2c412c.tar.gz
- completed:
    size: 99638
    subdir: genvalidity-bytestring
    url: https://github.com/NorfairKing/validity/archive/3d5bccbaac055164311ca9d90b0ac7ff7f2c412c.tar.gz
    name: genvalidity-bytestring
    version: 0.6.0.0
    sha256: c7061e29761d5b8e9b7c72fe564c1b00444656d1ffa1147feef6abd53a47e619
    pantry-tree:
      size: 462
      sha256: 3a76d3089194d7cb3350a6b216a12ecaf5450b94622c00c6a42e478ddb5271c7
  original:
    subdir: genvalidity-bytestring
    url: https://github.com/NorfairKing/validity/archive/3d5bccbaac055164311ca9d90b0ac7ff7f2c412c.tar.gz
- completed:
    size: 99638
    subdir: genvalidity-containers
    url: https://github.com/NorfairKing/validity/archive/3d5bccbaac055164311ca9d90b0ac7ff7f2c412c.tar.gz
    name: genvalidity-containers
    version: 0.8.0.2
    sha256: c7061e29761d5b8e9b7c72fe564c1b00444656d1ffa1147feef6abd53a47e619
    pantry-tree:
      size: 978
      sha256: 0a76e5a98c33931ce83e3d6d769d0d3b3bfc55dbc548a1b59aad89f2cda46866
  original:
    subdir: genvalidity-containers
    url: https://github.com/NorfairKing/validity/archive/3d5bccbaac055164311ca9d90b0ac7ff7f2c412c.tar.gz
- completed:
    size: 99638
    subdir: genvalidity-criterion
    url: https://github.com/NorfairKing/validity/archive/3d5bccbaac055164311ca9d90b0ac7ff7f2c412c.tar.gz
    name: genvalidity-criterion
    version: 0.2.0.0
    sha256: c7061e29761d5b8e9b7c72fe564c1b00444656d1ffa1147feef6abd53a47e619
    pantry-tree:
      size: 283
      sha256: 9c8acf829d2bfe21c6835d014eb320cac234848e7451af7bf81d4e8387d81a2a
  original:
    subdir: genvalidity-criterion
    url: https://github.com/NorfairKing/validity/archive/3d5bccbaac055164311ca9d90b0ac7ff7f2c412c.tar.gz
- completed:
    size: 99638
    subdir: genvalidity-hspec
    url: https://github.com/NorfairKing/validity/archive/3d5bccbaac055164311ca9d90b0ac7ff7f2c412c.tar.gz
    name: genvalidity-hspec
    version: 0.7.0.4
    sha256: c7061e29761d5b8e9b7c72fe564c1b00444656d1ffa1147feef6abd53a47e619
    pantry-tree:
      size: 2125
      sha256: 400574ded05c3bdc5f1153d698e824f5c31e81075d491af0f9cafba405a3e2d5
  original:
    subdir: genvalidity-hspec
    url: https://github.com/NorfairKing/validity/archive/3d5bccbaac055164311ca9d90b0ac7ff7f2c412c.tar.gz
- completed:
    size: 99638
    subdir: genvalidity-hspec-aeson
    url: https://github.com/NorfairKing/validity/archive/3d5bccbaac055164311ca9d90b0ac7ff7f2c412c.tar.gz
    name: genvalidity-hspec-aeson
    version: 0.3.1.1
    sha256: c7061e29761d5b8e9b7c72fe564c1b00444656d1ffa1147feef6abd53a47e619
    pantry-tree:
      size: 439
      sha256: ef3c4eafcacbad24a461347c6a975f35edcf169934453ad7de5fe2496783e8cd
  original:
    subdir: genvalidity-hspec-aeson
    url: https://github.com/NorfairKing/validity/archive/3d5bccbaac055164311ca9d90b0ac7ff7f2c412c.tar.gz
- completed:
    size: 99638
    subdir: genvalidity-hspec-binary
    url: https://github.com/NorfairKing/validity/archive/3d5bccbaac055164311ca9d90b0ac7ff7f2c412c.tar.gz
    name: genvalidity-hspec-binary
    version: 0.2.0.4
    sha256: c7061e29761d5b8e9b7c72fe564c1b00444656d1ffa1147feef6abd53a47e619
    pantry-tree:
      size: 440
      sha256: 10780f09ccb0039531d48666e6d11780ff6ac3560439b2ba9f4b0334c074e679
  original:
    subdir: genvalidity-hspec-binary
    url: https://github.com/NorfairKing/validity/archive/3d5bccbaac055164311ca9d90b0ac7ff7f2c412c.tar.gz
- completed:
    size: 99638
    subdir: genvalidity-hspec-cereal
    url: https://github.com/NorfairKing/validity/archive/3d5bccbaac055164311ca9d90b0ac7ff7f2c412c.tar.gz
    name: genvalidity-hspec-cereal
    version: 0.2.0.4
    sha256: c7061e29761d5b8e9b7c72fe564c1b00444656d1ffa1147feef6abd53a47e619
    pantry-tree:
      size: 441
      sha256: c967bdef742f7160f32b55e5be442a1b7c0876ab5b130285a2e3c93d522cb104
  original:
    subdir: genvalidity-hspec-cereal
    url: https://github.com/NorfairKing/validity/archive/3d5bccbaac055164311ca9d90b0ac7ff7f2c412c.tar.gz
- completed:
    size: 99638
    subdir: genvalidity-hspec-hashable
    url: https://github.com/NorfairKing/validity/archive/3d5bccbaac055164311ca9d90b0ac7ff7f2c412c.tar.gz
    name: genvalidity-hspec-hashable
    version: 0.2.0.5
    sha256: c7061e29761d5b8e9b7c72fe564c1b00444656d1ffa1147feef6abd53a47e619
    pantry-tree:
      size: 501
      sha256: 287d724e04cafdb5c63336d595aa0c3317b6bda2e4b85102b4d8120547415da7
  original:
    subdir: genvalidity-hspec-hashable
    url: https://github.com/NorfairKing/validity/archive/3d5bccbaac055164311ca9d90b0ac7ff7f2c412c.tar.gz
- completed:
    size: 99638
    subdir: genvalidity-hspec-optics
    url: https://github.com/NorfairKing/validity/archive/3d5bccbaac055164311ca9d90b0ac7ff7f2c412c.tar.gz
    name: genvalidity-hspec-optics
    version: 0.1.1.2
    sha256: c7061e29761d5b8e9b7c72fe564c1b00444656d1ffa1147feef6abd53a47e619
    pantry-tree:
      size: 443
      sha256: cca60b8d9521f64a6af0a9c41383bbf9cd61d88ccd92a4429a07eca573be2d9f
  original:
    subdir: genvalidity-hspec-optics
    url: https://github.com/NorfairKing/validity/archive/3d5bccbaac055164311ca9d90b0ac7ff7f2c412c.tar.gz
- completed:
    size: 99638
    subdir: genvalidity-hspec-persistent
    url: https://github.com/NorfairKing/validity/archive/3d5bccbaac055164311ca9d90b0ac7ff7f2c412c.tar.gz
    name: genvalidity-hspec-persistent
    version: 0.0.0.1
    sha256: c7061e29761d5b8e9b7c72fe564c1b00444656d1ffa1147feef6abd53a47e619
    pantry-tree:
      size: 443
      sha256: 6fddef615e0a93a2279ec61dad4b65b64d37f7547551b60cad613c32dbc52ff3
  original:
    subdir: genvalidity-hspec-persistent
    url: https://github.com/NorfairKing/validity/archive/3d5bccbaac055164311ca9d90b0ac7ff7f2c412c.tar.gz
- completed:
    size: 99638
    subdir: genvalidity-path
    url: https://github.com/NorfairKing/validity/archive/3d5bccbaac055164311ca9d90b0ac7ff7f2c412c.tar.gz
    name: genvalidity-path
    version: 0.3.0.4
    sha256: c7061e29761d5b8e9b7c72fe564c1b00444656d1ffa1147feef6abd53a47e619
    pantry-tree:
      size: 442
      sha256: 14a2b0a2be04fc3065f5401985e5eb1af086ff6333888f26f06c3dda2af26051
  original:
    subdir: genvalidity-path
    url: https://github.com/NorfairKing/validity/archive/3d5bccbaac055164311ca9d90b0ac7ff7f2c412c.tar.gz
- completed:
    size: 99638
    subdir: genvalidity-property
    url: https://github.com/NorfairKing/validity/archive/3d5bccbaac055164311ca9d90b0ac7ff7f2c412c.tar.gz
    name: genvalidity-property
    version: 0.5.0.1
    sha256: c7061e29761d5b8e9b7c72fe564c1b00444656d1ffa1147feef6abd53a47e619
    pantry-tree:
      size: 1864
      sha256: 4cc57a0676313ad0e68ddf1a869dba296e2a283be46eabbb5bf508e28152e3c5
  original:
    subdir: genvalidity-property
    url: https://github.com/NorfairKing/validity/archive/3d5bccbaac055164311ca9d90b0ac7ff7f2c412c.tar.gz
- completed:
    size: 99638
    subdir: genvalidity-scientific
    url: https://github.com/NorfairKing/validity/archive/3d5bccbaac055164311ca9d90b0ac7ff7f2c412c.tar.gz
    name: genvalidity-scientific
    version: 0.2.1.1
    sha256: c7061e29761d5b8e9b7c72fe564c1b00444656d1ffa1147feef6abd53a47e619
    pantry-tree:
      size: 405
      sha256: a097023bf4cd544a4b2e3f9c447e0813b69fea55696d4895ddafbc57eef82c23
  original:
    subdir: genvalidity-scientific
    url: https://github.com/NorfairKing/validity/archive/3d5bccbaac055164311ca9d90b0ac7ff7f2c412c.tar.gz
- completed:
    size: 99638
    subdir: genvalidity-text
    url: https://github.com/NorfairKing/validity/archive/3d5bccbaac055164311ca9d90b0ac7ff7f2c412c.tar.gz
    name: genvalidity-text
    version: 0.7.0.2
    sha256: c7061e29761d5b8e9b7c72fe564c1b00444656d1ffa1147feef6abd53a47e619
    pantry-tree:
      size: 448
      sha256: d83df9da93a9dd71ce0e224f4f182fc6520ec3a26a4ebf87f10829d5a6b4bd8d
  original:
    subdir: genvalidity-text
    url: https://github.com/NorfairKing/validity/archive/3d5bccbaac055164311ca9d90b0ac7ff7f2c412c.tar.gz
- completed:
    size: 99638
    subdir: genvalidity-time
    url: https://github.com/NorfairKing/validity/archive/3d5bccbaac055164311ca9d90b0ac7ff7f2c412c.tar.gz
    name: genvalidity-time
    version: 0.3.0.0
    sha256: c7061e29761d5b8e9b7c72fe564c1b00444656d1ffa1147feef6abd53a47e619
    pantry-tree:
      size: 752
      sha256: b3452d317bbea214a59bf2d1b593c2399ee7fa572455d5489c13e66ad35f572e
  original:
    subdir: genvalidity-time
    url: https://github.com/NorfairKing/validity/archive/3d5bccbaac055164311ca9d90b0ac7ff7f2c412c.tar.gz
- completed:
    size: 99638
    subdir: genvalidity-unordered-containers
    url: https://github.com/NorfairKing/validity/archive/3d5bccbaac055164311ca9d90b0ac7ff7f2c412c.tar.gz
    name: genvalidity-unordered-containers
    version: 0.3.0.1
    sha256: c7061e29761d5b8e9b7c72fe564c1b00444656d1ffa1147feef6abd53a47e619
    pantry-tree:
      size: 563
      sha256: a65d3f0a014d9972a3a37e827981dc9addf165054665949510a7986858537dd0
  original:
    subdir: genvalidity-unordered-containers
    url: https://github.com/NorfairKing/validity/archive/3d5bccbaac055164311ca9d90b0ac7ff7f2c412c.tar.gz
- completed:
    size: 99638
    subdir: genvalidity-uuid
    url: https://github.com/NorfairKing/validity/archive/3d5bccbaac055164311ca9d90b0ac7ff7f2c412c.tar.gz
    name: genvalidity-uuid
    version: 0.1.0.4
    sha256: c7061e29761d5b8e9b7c72fe564c1b00444656d1ffa1147feef6abd53a47e619
    pantry-tree:
      size: 446
      sha256: 4d3ddc7e97f00f5278be87ae8357b4e1f22fa5175c113bb1bb67c9eb06b2ca7c
  original:
    subdir: genvalidity-uuid
    url: https://github.com/NorfairKing/validity/archive/3d5bccbaac055164311ca9d90b0ac7ff7f2c412c.tar.gz
- completed:
    size: 99638
    subdir: genvalidity-vector
    url: https://github.com/NorfairKing/validity/archive/3d5bccbaac055164311ca9d90b0ac7ff7f2c412c.tar.gz
    name: genvalidity-vector
    version: 0.3.0.1
    sha256: c7061e29761d5b8e9b7c72fe564c1b00444656d1ffa1147feef6abd53a47e619
    pantry-tree:
      size: 395
      sha256: e109ca6598579be5c5e3d58551f8df3e54ea1f746a2da3844a93dee10a555d97
  original:
    subdir: genvalidity-vector
    url: https://github.com/NorfairKing/validity/archive/3d5bccbaac055164311ca9d90b0ac7ff7f2c412c.tar.gz
- completed:
    size: 99638
    subdir: validity
    url: https://github.com/NorfairKing/validity/archive/3d5bccbaac055164311ca9d90b0ac7ff7f2c412c.tar.gz
    name: validity
    version: 0.11.0.0
    sha256: c7061e29761d5b8e9b7c72fe564c1b00444656d1ffa1147feef6abd53a47e619
    pantry-tree:
      size: 450
      sha256: 73533b448efed103709a306a360d9da1864a3ed39aff2d14a1a644dc408c2611
  original:
    subdir: validity
    url: https://github.com/NorfairKing/validity/archive/3d5bccbaac055164311ca9d90b0ac7ff7f2c412c.tar.gz
- completed:
    size: 99638
    subdir: validity-aeson
    url: https://github.com/NorfairKing/validity/archive/3d5bccbaac055164311ca9d90b0ac7ff7f2c412c.tar.gz
    name: validity-aeson
    version: 0.2.0.4
    sha256: c7061e29761d5b8e9b7c72fe564c1b00444656d1ffa1147feef6abd53a47e619
    pantry-tree:
      size: 390
      sha256: 341bbee8aa35a8a5b214e19036326eb1299dba6d02e11a1c0a89e077d4227dc6
  original:
    subdir: validity-aeson
    url: https://github.com/NorfairKing/validity/archive/3d5bccbaac055164311ca9d90b0ac7ff7f2c412c.tar.gz
- completed:
    size: 99638
    subdir: validity-bytestring
    url: https://github.com/NorfairKing/validity/archive/3d5bccbaac055164311ca9d90b0ac7ff7f2c412c.tar.gz
    name: validity-bytestring
    version: 0.4.1.1
    sha256: c7061e29761d5b8e9b7c72fe564c1b00444656d1ffa1147feef6abd53a47e619
    pantry-tree:
      size: 273
      sha256: 385a78c0de5c7545de2d62476246c7bf344b4b148f1c2b90c9f1e8906aa915c2
  original:
    subdir: validity-bytestring
    url: https://github.com/NorfairKing/validity/archive/3d5bccbaac055164311ca9d90b0ac7ff7f2c412c.tar.gz
- completed:
    size: 99638
    subdir: validity-containers
    url: https://github.com/NorfairKing/validity/archive/3d5bccbaac055164311ca9d90b0ac7ff7f2c412c.tar.gz
    name: validity-containers
    version: 0.5.0.3
    sha256: c7061e29761d5b8e9b7c72fe564c1b00444656d1ffa1147feef6abd53a47e619
    pantry-tree:
      size: 534
      sha256: 34681338b8fbd83e0ffb7e7436ae6a499f2d1c009657b2361a301e85aa9a3f4b
  original:
    subdir: validity-containers
    url: https://github.com/NorfairKing/validity/archive/3d5bccbaac055164311ca9d90b0ac7ff7f2c412c.tar.gz
- completed:
    size: 99638
    subdir: validity-path
    url: https://github.com/NorfairKing/validity/archive/3d5bccbaac055164311ca9d90b0ac7ff7f2c412c.tar.gz
    name: validity-path
    version: 0.4.0.1
    sha256: c7061e29761d5b8e9b7c72fe564c1b00444656d1ffa1147feef6abd53a47e619
    pantry-tree:
      size: 389
      sha256: 721eb8887c5f854a3b80290ba67532001474407686ddb1c786c6fc465f7505c8
  original:
    subdir: validity-path
    url: https://github.com/NorfairKing/validity/archive/3d5bccbaac055164311ca9d90b0ac7ff7f2c412c.tar.gz
- completed:
    size: 99638
    subdir: validity-primitive
    url: https://github.com/NorfairKing/validity/archive/3d5bccbaac055164311ca9d90b0ac7ff7f2c412c.tar.gz
    name: validity-primitive
    version: 0.0.0.1
    sha256: c7061e29761d5b8e9b7c72fe564c1b00444656d1ffa1147feef6abd53a47e619
    pantry-tree:
      size: 270
      sha256: b6b3d9181c15e0ec28f3f24e02082d8c6417642b21e1ee2d7cca8697d70e8856
  original:
    subdir: validity-primitive
    url: https://github.com/NorfairKing/validity/archive/3d5bccbaac055164311ca9d90b0ac7ff7f2c412c.tar.gz
- completed:
    size: 99638
    subdir: validity-scientific
    url: https://github.com/NorfairKing/validity/archive/3d5bccbaac055164311ca9d90b0ac7ff7f2c412c.tar.gz
    name: validity-scientific
    version: 0.2.0.3
    sha256: c7061e29761d5b8e9b7c72fe564c1b00444656d1ffa1147feef6abd53a47e619
    pantry-tree:
      size: 271
      sha256: 955a708acb2741f6fe62dbde965df35f935fd905175c1e4f4a4a62a7ca3d9d44
  original:
    subdir: validity-scientific
    url: https://github.com/NorfairKing/validity/archive/3d5bccbaac055164311ca9d90b0ac7ff7f2c412c.tar.gz
- completed:
    size: 99638
    subdir: validity-text
    url: https://github.com/NorfairKing/validity/archive/3d5bccbaac055164311ca9d90b0ac7ff7f2c412c.tar.gz
    name: validity-text
    version: 0.3.1.1
    sha256: c7061e29761d5b8e9b7c72fe564c1b00444656d1ffa1147feef6abd53a47e619
    pantry-tree:
      size: 267
      sha256: 0ca6f4ee33a1762ecaf1f6681d6b06bf89207eefbf8837350971e1cd07bde630
  original:
    subdir: validity-text
    url: https://github.com/NorfairKing/validity/archive/3d5bccbaac055164311ca9d90b0ac7ff7f2c412c.tar.gz
- completed:
    size: 99638
    subdir: validity-time
    url: https://github.com/NorfairKing/validity/archive/3d5bccbaac055164311ca9d90b0ac7ff7f2c412c.tar.gz
    name: validity-time
    version: 0.3.0.0
    sha256: c7061e29761d5b8e9b7c72fe564c1b00444656d1ffa1147feef6abd53a47e619
    pantry-tree:
      size: 559
      sha256: d60beb56eb4e43cf38e3eb4c2843610f02a573bd6b4c1e70148dbf4a254e638e
  original:
    subdir: validity-time
    url: https://github.com/NorfairKing/validity/archive/3d5bccbaac055164311ca9d90b0ac7ff7f2c412c.tar.gz
- completed:
    size: 99638
    subdir: validity-unordered-containers
    url: https://github.com/NorfairKing/validity/archive/3d5bccbaac055164311ca9d90b0ac7ff7f2c412c.tar.gz
    name: validity-unordered-containers
    version: 0.2.0.3
    sha256: c7061e29761d5b8e9b7c72fe564c1b00444656d1ffa1147feef6abd53a47e619
    pantry-tree:
      size: 416
      sha256: d3a57b7f98df6ac380247c7d27ddaa0acd03a6e22fe01bd2f88faedcec360811
  original:
    subdir: validity-unordered-containers
    url: https://github.com/NorfairKing/validity/archive/3d5bccbaac055164311ca9d90b0ac7ff7f2c412c.tar.gz
- completed:
    size: 99638
    subdir: validity-uuid
    url: https://github.com/NorfairKing/validity/archive/3d5bccbaac055164311ca9d90b0ac7ff7f2c412c.tar.gz
    name: validity-uuid
    version: 0.1.0.3
    sha256: c7061e29761d5b8e9b7c72fe564c1b00444656d1ffa1147feef6abd53a47e619
    pantry-tree:
      size: 265
      sha256: 06d1b5f4178817b1023f1cf8ee722bbee1079bd156dfc0a6b1c9da04091fb80a
  original:
    subdir: validity-uuid
    url: https://github.com/NorfairKing/validity/archive/3d5bccbaac055164311ca9d90b0ac7ff7f2c412c.tar.gz
- completed:
    size: 99638
    subdir: validity-vector
    url: https://github.com/NorfairKing/validity/archive/3d5bccbaac055164311ca9d90b0ac7ff7f2c412c.tar.gz
    name: validity-vector
    version: 0.2.0.3
    sha256: c7061e29761d5b8e9b7c72fe564c1b00444656d1ffa1147feef6abd53a47e619
    pantry-tree:
      size: 267
      sha256: cc1d7c9894dc8045818d4177c54d842af4a3f78647dbd73dd3bdbd1a6e8e417c
  original:
    subdir: validity-vector
    url: https://github.com/NorfairKing/validity/archive/3d5bccbaac055164311ca9d90b0ac7ff7f2c412c.tar.gz
snapshots:
- completed:
    size: 523541
    url: https://raw.githubusercontent.com/commercialhaskell/stackage-snapshots/master/lts/14/23.yaml
    sha256: f761fe419a1a44fc3ef47f5bfb1853304d13320fc72b45d2798c08d21dabc23c
  original: lts-14.23
